{
  "requires": true,
  "lockfileVersion": 1,
  "dependencies": {
    "baguettebox.js": {
      "version": "1.10.0",
      "resolved": "https://registry.npmjs.org/baguettebox.js/-/baguettebox.js-1.10.0.tgz",
      "integrity": "sha512-kyU6DVJSEYe/BKGiJX462WO9BCxELv177XBf7ANgltPLpzjMm1D36kV1vrIylX7tmdibOCpgOStDUQK+0XP2vw=="
    },
    "lightgallery.js": {
      "version": "1.0.3",
      "resolved": "https://registry.npmjs.org/lightgallery.js/-/lightgallery.js-1.0.3.tgz",
      "integrity": "sha1-vncAoWEN0+CDFoT/Ai+msrSDyWg="
    }
  }
}
